
Microsoft Visual Studio Solution File, Format Version 12.00
# Visual Studio Version 16
VisualStudioVersion = 16.0.30717.126
MinimumVisualStudioVersion = 10.0.40219.1
Project("{8BC9CEB8-8B4A-11D0-8D11-00A0C91BC942}") = "IdealNumbers_L5", "IdealNumbers_L5\IdealNumbers_L5.vcxproj", "{F7C5E8B4-F44A-4ED8-ACB4-DBEC4E8B2DB1}"
EndProject
Global
	GlobalSection(SolutionConfigurationPlatforms) = preSolution
		Debug|x64 = Debug|x64
		Debug|x86 = Debug|x86
		Release|x64 = Release|x64
		Release|x86 = Release|x86
	EndGlobalSection
	GlobalSection(ProjectConfigurationPlatforms) = postSolution
		{F7C5E8B4-F44A-4ED8-ACB4-DBEC4E8B2DB1}.Debug|x64.ActiveCfg = Debug|x64
		{F7C5E8B4-F44A-4ED8-ACB4-DBEC4E8B2DB1}.Debug|x64.Build.0 = Debug|x64
		{F7C5E8B4-F44A-4ED8-ACB4-DBEC4E8B2DB1}.Debug|x86.ActiveCfg = Debug|Win32
		{F7C5E8B4-F44A-4ED8-ACB4-DBEC4E8B2DB1}.Debug|x86.Build.0 = Debug|Win32
		{F7C5E8B4-F44A-4ED8-ACB4-DBEC4E8B2DB1}.Release|x64.ActiveCfg = Release|x64
		{F7C5E8B4-F44A-4ED8-ACB4-DBEC4E8B2DB1}.Release|x64.Build.0 = Release|x64
		{F7C5E8B4-F44A-4ED8-ACB4-DBEC4E8B2DB1}.Release|x86.ActiveCfg = Release|Win32
		{F7C5E8B4-F44A-4ED8-ACB4-DBEC4E8B2DB1}.Release|x86.Build.0 = Release|Win32
	EndGlobalSection
	GlobalSection(SolutionProperties) = preSolution
		HideSolutionNode = FALSE
	EndGlobalSection
	GlobalSection(ExtensibilityGlobals) = postSolution
		SolutionGuid = {354AF718-8D05-46B7-B8B2-9A1C82F08FC7}
	EndGlobalSection
EndGlobal
